{
    "requires": true,
    "lockfileVersion": 1,
    "dependencies": {
        "@coreui/icons": {
            "version": "3.0.0-alpha.0",
            "resolved": "https://registry.npmjs.org/@coreui/icons/-/icons-3.0.0-alpha.0.tgz",
            "integrity": "sha512-gh6eDOc5Hoku4So59y1/Q23HKlsb0VQLH8ttjZ4CoCgax/pyYPvMXLM2f8w1d2hTdyZf9dTGuNqO3hCLJAbacw=="
        },
        "sweetalert2": {
            "version": "11.4.19",
            "resolved": "https://registry.npmjs.org/sweetalert2/-/sweetalert2-11.4.19.tgz",
            "integrity": "sha512-N3GA2M/K6PFzLprKWENioL0ckXPHLiWwvMMAJSfGgxB+aptzQrElv6D+j3D++K9yXSjpTs3XqJHYUQpEUzpv/g=="
        }
    }
}
